
Microsoft Visual Studio Solution File, Format Version 12.00
# Visual Studio Version 16
VisualStudioVersion = 16.0.29911.84
MinimumVisualStudioVersion = 10.0.40219.1
Project("{FAE04EC0-301F-11D3-BF4B-00C04F79EFBC}") = "evaluation1", "evaluation1.csproj", "{62AD4F4A-F5E6-4694-B71F-2C9D33B3B710}"
EndProject
Global
	GlobalSection(SolutionConfigurationPlatforms) = preSolution
		Debug|Any CPU = Debug|Any CPU
		Release|Any CPU = Release|Any CPU
	EndGlobalSection
	GlobalSection(ProjectConfigurationPlatforms) = postSolution
		{62AD4F4A-F5E6-4694-B71F-2C9D33B3B710}.Debug|Any CPU.ActiveCfg = Debug|Any CPU
		{62AD4F4A-F5E6-4694-B71F-2C9D33B3B710}.Debug|Any CPU.Build.0 = Debug|Any CPU
		{62AD4F4A-F5E6-4694-B71F-2C9D33B3B710}.Release|Any CPU.ActiveCfg = Release|Any CPU
		{62AD4F4A-F5E6-4694-B71F-2C9D33B3B710}.Release|Any CPU.Build.0 = Release|Any CPU
	EndGlobalSection
	GlobalSection(SolutionProperties) = preSolution
		HideSolutionNode = FALSE
	EndGlobalSection
	GlobalSection(ExtensibilityGlobals) = postSolution
		SolutionGuid = {166960D1-5705-4A59-89DF-9A7A31A2C944}
	EndGlobalSection
EndGlobal
